#MicroXplorer Configuration settings - do not modify
Mcu.Family=STM32F4
ProjectManager.MainLocation=Src
PB13.GPIOParameters=GPIO_Label
RCC.CortexFreq_Value=10000000
ProjectManager.KeepUserCode=true
Mcu.UserName=STM32F429ZITx
RCC.PLLCLKFreq_Value=80000000
PB14.GPIO_Label=MS3
RCC.PLLQCLKFreq_Value=40000000
ProjectManager.functionlistsort=1-MX_GPIO_Init-GPIO-false-HAL-true,2-SystemClock_Config-RCC-false-HAL-false,3-MX_TIM3_Init-TIM3-false-HAL-true,4-MX_TIM2_Init-TIM2-false-HAL-true,5-MX_USART1_UART_Init-USART1-false-HAL-true,6-MX_TIM4_Init-TIM4-false-HAL-true
RCC.RTCFreq_Value=32000
PA0/WKUP.Signal=GPXTI0
PA6.GPIO_Label=STEP
USART1.IPParameters=VirtualMode
PB13.GPIO_Label=MS2
PB13.Signal=GPIO_Output
PG13.Signal=GPIO_Output
PinOutPanel.RotationAngle=0
RCC.SYSCLKSource=RCC_SYSCLKSOURCE_PLLCLK
ProjectManager.StackSize=0x400
RCC.SAI_BClocksFreq_Value=24500000
Mcu.IP4=TIM3
RCC.FCLKCortexFreq_Value=10000000
Mcu.IP5=TIM4
NVIC.SVCall_IRQn=true\:0\:0\:false\:false\:true\:false\:false
Mcu.IP2=SYS
Mcu.IP3=TIM2
Mcu.IP0=NVIC
Mcu.IP1=RCC
Mcu.UserConstants=
RCC.LCDTFTFreq_Value=24500000
Mcu.ThirdPartyNb=0
PH0/OSC_IN.Mode=HSE-External-Oscillator
RCC.HCLKFreq_Value=10000000
Mcu.IPNb=7
RCC.I2SClocksFreq_Value=192000000
TIM2.IPParameters=Prescaler,Period
ProjectManager.PreviousToolchain=
RCC.APB2TimFreq_Value=5000000
TIM3.Period=1000
RCC.VcooutputI2S=192000000
PA0/WKUP.Locked=true
PH1/OSC_OUT.Signal=RCC_OSC_OUT
Mcu.Pin6=PB12
VP_TIM2_VS_ClockSourceINT.Signal=TIM2_VS_ClockSourceINT
Mcu.Pin7=PB13
Mcu.Pin8=PB14
Mcu.Pin9=PD12
RCC.VCOSAIOutputFreq_Value=98000000
RCC.AHBFreq_Value=10000000
PB13.Locked=true
Mcu.Pin0=PH0/OSC_IN
Mcu.Pin1=PH1/OSC_OUT
GPIO.groupedBy=Group By Peripherals
Mcu.Pin2=PA0/WKUP
Mcu.Pin3=PA5
TIM3.ClockDivision=TIM_CLOCKDIVISION_DIV1
Mcu.Pin4=PA6
Mcu.Pin5=PA7
ProjectManager.ProjectBuild=false
RCC.HSE_VALUE=8000000
PG13.Locked=true
NVIC.UsageFault_IRQn=true\:0\:0\:false\:false\:true\:false\:false
NVIC.DebugMonitor_IRQn=true\:0\:0\:false\:false\:true\:false\:false
NVIC.SysTick_IRQn=true\:0\:0\:false\:false\:true\:false\:true
PB12.GPIO_Label=MS1
ProjectManager.FirmwarePackage=STM32Cube FW_F4 V1.25.2
MxDb.Version=DB.6.0.0
ProjectManager.BackupPrevious=false
RCC.VCOInputFreq_Value=2000000
PA14.Mode=Serial_Wire
TIM3.Prescaler=0
NVIC.TIM2_IRQn=true\:0\:0\:false\:false\:true\:true\:true
File.Version=6
TIM4.Channel-Output\ Compare1\ CH1=TIM_CHANNEL_1
NVIC.PendSV_IRQn=true\:0\:0\:false\:false\:true\:false\:false
SH.S_TIM3_CH1.0=TIM3_CH1,Output Compare1 CH1
PH1/OSC_OUT.Mode=HSE-External-Oscillator
ProjectManager.HalAssertFull=false
ProjectManager.ProjectName=stm32f429_tim_motor
RCC.MCO2PinFreq_Value=80000000
Mcu.Package=LQFP144
TIM2.Prescaler=250-1
PA6.Signal=S_TIM3_CH1
PA5.Locked=true
PA7.Locked=true
PG13.GPIOParameters=GPIO_Label
PD12.Signal=S_TIM4_CH1
ProjectManager.ToolChainLocation=
RCC.LSI_VALUE=32000
VP_SYS_VS_Systick.Signal=SYS_VS_Systick
SH.GPXTI0.0=GPIO_EXTI0
PA10.Signal=USART1_RX
PA5.GPIOParameters=GPIO_Label
PB14.GPIOParameters=GPIO_Label
RCC.APB2CLKDivider=RCC_HCLK_DIV4
SH.S_TIM4_CH1.0=TIM4_CH1,Output Compare1 CH1
RCC.APB1TimFreq_Value=5000000
NVIC.BusFault_IRQn=true\:0\:0\:false\:false\:true\:false\:false
ProjectManager.CustomerFirmwarePackage=
VP_TIM3_VS_ClockSourceINT.Mode=Internal
RCC.SAI_AClocksFreq_Value=24500000
PA6.GPIOParameters=GPIO_Label
SH.S_TIM4_CH1.ConfNb=1
ProjectManager.ProjectFileName=stm32f429_tim_motor.ioc
PA10.Mode=Asynchronous
Mcu.PinsNb=19
SH.S_TIM4_ETR.0=TIM4_ETR,ClockSourceETR_Mode2
TIM3.AutoReloadPreload=TIM_AUTORELOAD_PRELOAD_ENABLE
ProjectManager.NoMain=false
SH.GPXTI0.ConfNb=1
ProjectManager.DefaultFWLocation=true
RCC.VCOSAIOutputFreq_ValueQ=24500000
RCC.VCOSAIOutputFreq_ValueR=49000000
PB12.Locked=true
ProjectManager.DeletePrevious=true
PB14.Locked=true
RCC.APB1CLKDivider=RCC_HCLK_DIV4
PG13.GPIO_Label=Led
RCC.FamilyName=M
PA13.Signal=SYS_JTMS-SWDIO
PA9.Mode=Asynchronous
ProjectManager.TargetToolchain=MDK-ARM V5.27
TIM4.IPParameters=Channel-Output Compare1 CH1
PA9.Signal=USART1_TX
RCC.VcooutputI2SQ=192000000
ProjectManager.RegisterCallBack=
VP_TIM3_VS_ClockSourceINT.Signal=TIM3_VS_ClockSourceINT
RCC.LSE_VALUE=32768
TIM3.Channel-Output\ Compare1\ CH1=TIM_CHANNEL_1
RCC.VCOI2SOutputFreq_Value=384000000
PB14.Signal=GPIO_Output
PA5.Signal=GPIO_Output
board=custom
RCC.VCOOutputFreq_Value=160000000
ProjectManager.LastFirmware=true
PH0/OSC_IN.Signal=RCC_OSC_IN
RCC.APB2Freq_Value=2500000
MxCube.Version=6.0.1
TIM3.OCMode_1=TIM_OCMODE_FORCED_ACTIVE
VP_TIM2_VS_ClockSourceINT.Mode=Internal
VP_SYS_VS_Systick.Mode=SysTick
RCC.EthernetFreq_Value=80000000
TIM3.IPParameters=Prescaler,Period,AutoReloadPreload,TIM_MasterOutputTrigger,ClockDivision,Channel-Output Compare1 CH1,OCMode_1
NVIC.NonMaskableInt_IRQn=true\:0\:0\:false\:false\:true\:false\:false
RCC.AHBCLKDivider=RCC_SYSCLK_DIV8
TIM2.Period=20000-1
PA13.Mode=Serial_Wire
ProjectManager.FreePins=false
RCC.IPParameters=48MHZClocksFreq_Value,AHBCLKDivider,AHBFreq_Value,APB1CLKDivider,APB1Freq_Value,APB1TimFreq_Value,APB2CLKDivider,APB2Freq_Value,APB2TimFreq_Value,CortexFreq_Value,EthernetFreq_Value,FCLKCortexFreq_Value,FamilyName,HCLKFreq_Value,HSE_VALUE,HSI_VALUE,I2SClocksFreq_Value,LCDTFTFreq_Value,LSE_VALUE,LSI_VALUE,MCO2PinFreq_Value,PLLCLKFreq_Value,PLLM,PLLN,PLLQCLKFreq_Value,RTCFreq_Value,RTCHSEDivFreq_Value,SAI_AClocksFreq_Value,SAI_BClocksFreq_Value,SYSCLKFreq_VALUE,SYSCLKSource,VCOI2SOutputFreq_Value,VCOInputFreq_Value,VCOOutputFreq_Value,VCOSAIOutputFreq_Value,VCOSAIOutputFreq_ValueQ,VCOSAIOutputFreq_ValueR,VcooutputI2S,VcooutputI2SQ
ProjectManager.AskForMigrate=true
Mcu.Name=STM32F429ZITx
PE0.Signal=S_TIM4_ETR
RCC.RTCHSEDivFreq_Value=4000000
ProjectManager.UnderRoot=false
Mcu.IP6=USART1
ProjectManager.CoupleFile=false
RCC.48MHZClocksFreq_Value=40000000
NVIC.EXTI0_IRQn=true\:0\:0\:false\:false\:true\:true\:true
RCC.SYSCLKFreq_VALUE=80000000
PA7.GPIO_Label=DIRR
PA5.GPIO_Label=Step2
NVIC.ForceEnableDMAVector=true
KeepUserPlacement=false
NVIC.MemoryManagement_IRQn=true\:0\:0\:false\:false\:true\:false\:false
USART1.VirtualMode=VM_ASYNC
ProjectManager.CompilerOptimize=6
SH.S_TIM4_ETR.ConfNb=1
PA14.Signal=SYS_JTCK-SWCLK
ProjectManager.HeapSize=0x200
Mcu.Pin15=PE0
NVIC.HardFault_IRQn=true\:0\:0\:false\:false\:true\:false\:false
Mcu.Pin16=VP_SYS_VS_Systick
Mcu.Pin13=PA14
Mcu.Pin14=PG13
SH.S_TIM3_CH1.ConfNb=1
ProjectManager.ComputerToolchain=false
Mcu.Pin17=VP_TIM2_VS_ClockSourceINT
RCC.HSI_VALUE=16000000
Mcu.Pin18=VP_TIM3_VS_ClockSourceINT
NVIC.PriorityGroup=NVIC_PRIORITYGROUP_4
Mcu.Pin11=PA10
Mcu.Pin12=PA13
RCC.PLLM=8
RCC.PLLN=80
Mcu.Pin10=PA9
TIM3.TIM_MasterOutputTrigger=TIM_TRGO_UPDATE
RCC.APB1Freq_Value=2500000
PA7.GPIOParameters=GPIO_Label
ProjectManager.DeviceId=STM32F429ZITx
PB12.GPIOParameters=GPIO_Label
PB12.Signal=GPIO_Output
ProjectManager.LibraryCopy=0
PA7.Signal=GPIO_Output
